// !$*UTF8*$!
{
	archiveVersion = 1;
	classes = {
	};
	objectVersion = 50;
	objects = {

/* Begin PBXBuildFile section */
		701B913B2081637600C9E4DE /* AppDelegate.swift in Sources */ = {isa = PBXBuildFile; fileRef = 701B913A2081637600C9E4DE /* AppDelegate.swift */; };
		701B913D2081637600C9E4DE /* ViewController.swift in Sources */ = {isa = PBXBuildFile; fileRef = 701B913C2081637600C9E4DE /* ViewController.swift */; };
		701B91402081637600C9E4DE /* Main.storyboard in Resources */ = {isa = PBXBuildFile; fileRef = 701B913E2081637600C9E4DE /* Main.storyboard */; };
		701B91422081637700C9E4DE /* Assets.xcassets in Resources */ = {isa = PBXBuildFile; fileRef = 701B91412081637700C9E4DE /* Assets.xcassets */; };
		701B91452081637700C9E4DE /* LaunchScreen.storyboard in Resources */ = {isa = PBXBuildFile; fileRef = 701B91432081637700C9E4DE /* LaunchScreen.storyboard */; };
		706649DA20821DB00087A96D /* Card.swift in Sources */ = {isa = PBXBuildFile; fileRef = 706649D920821DB00087A96D /* Card.swift */; };
		706649DC208220140087A96D /* MemoryGame.swift in Sources */ = {isa = PBXBuildFile; fileRef = 706649DB208220140087A96D /* MemoryGame.swift */; };
/* End PBXBuildFile section */

/* Begin PBXFileReference section */
		701B91372081637600C9E4DE /* iOSCesar.app */ = {isa = PBXFileReference; explicitFileType = wrapper.application; includeInIndex = 0; path = iOSCesar.app; sourceTree = BUILT_PRODUCTS_DIR; };
		701B913A2081637600C9E4DE /* AppDelegate.swift */ = {isa = PBXFileReference; lastKnownFileType = sourcecode.swift; path = AppDelegate.swift; sourceTree = "<group>"; };
		701B913C2081637600C9E4DE /* ViewController.swift */ = {isa = PBXFileReference; lastKnownFileType = sourcecode.swift; path = ViewController.swift; sourceTree = "<group>"; };
		701B913F2081637600C9E4DE /* Base */ = {isa = PBXFileReference; lastKnownFileType = file.storyboard; name = Base; path = Base.lproj/Main.storyboard; sourceTree = "<group>"; };
		701B91412081637700C9E4DE /* Assets.xcassets */ = {isa = PBXFileReference; lastKnownFileType = folder.assetcatalog; path = Assets.xcassets; sourceTree = "<group>"; };
		701B91442081637700C9E4DE /* Base */ = {isa = PBXFileReference; lastKnownFileType = file.storyboard; name = Base; path = Base.lproj/LaunchScreen.storyboard; sourceTree = "<group>"; };
		701B91462081637700C9E4DE /* Info.plist */ = {isa = PBXFileReference; lastKnownFileType = text.plist.xml; path = Info.plist; sourceTree = "<group>"; };
		706649D920821DB00087A96D /* Card.swift */ = {isa = PBXFileReference; lastKnownFileType = sourcecode.swift; path = Card.swift; sourceTree = "<group>"; };
		706649DB208220140087A96D /* MemoryGame.swift */ = {isa = PBXFileReference; lastKnownFileType = sourcecode.swift; path = MemoryGame.swift; sourceTree = "<group>"; };
/* End PBXFileReference section */

/* Begin PBXFrameworksBuildPhase section */
		701B91342081637600C9E4DE /* Frameworks */ = {
			isa = PBXFrameworksBuildPhase;
			buildActionMask = 2147483647;
			files = (
			);
			runOnlyForDeploymentPostprocessing = 0;
		};
/* End PBXFrameworksBuildPhase section */

/* Begin PBXGroup section */
		701B912E2081637500C9E4DE = {
			isa = PBXGroup;
			children = (
				701B91392081637600C9E4DE /* iOSCesar */,
				701B91382081637600C9E4DE /* Products */,
			);
			sourceTree = "<group>";
		};
		701B91382081637600C9E4DE /* Products */ = {
			isa = PBXGroup;
			children = (
				701B91372081637600C9E4DE /* iOSCesar.app */,
			);
			name = Products;
			sourceTree = "<group>";
		};
		701B91392081637600C9E4DE /* iOSCesar */ = {
			isa = PBXGroup;
			children = (
				706649E6208236A50087A96D /* Controllers */,
				701B914C2081660D00C9E4DE /* Support */,
				701B913E2081637600C9E4DE /* Main.storyboard */,
				701B91412081637700C9E4DE /* Assets.xcassets */,
				701B91462081637700C9E4DE /* Info.plist */,
				706649DD2082202C0087A96D /* Model */,
			);
			path = iOSCesar;
			sourceTree = "<group>";
		};
		701B914C2081660D00C9E4DE /* Support */ = {
			isa = PBXGroup;
			children = (
				701B913A2081637600C9E4DE /* AppDelegate.swift */,
				701B91432081637700C9E4DE /* LaunchScreen.storyboard */,
			);
			path = Support;
			sourceTree = "<group>";
		};
		706649DD2082202C0087A96D /* Model */ = {
			isa = PBXGroup;
			children = (
				706649D920821DB00087A96D /* Card.swift */,
				706649DB208220140087A96D /* MemoryGame.swift */,
			);
			path = Model;
			sourceTree = "<group>";
		};
		706649E6208236A50087A96D /* Controllers */ = {
			isa = PBXGroup;
			children = (
				701B913C2081637600C9E4DE /* ViewController.swift */,
			);
			path = Controllers;
			sourceTree = "<group>";
		};
/* End PBXGroup section */

/* Begin PBXNativeTarget section */
		701B91362081637600C9E4DE /* iOSCesar */ = {
			isa = PBXNativeTarget;
			buildConfigurationList = 701B91492081637700C9E4DE /* Build configuration list for PBXNativeTarget "iOSCesar" */;
			buildPhases = (
				701B91332081637600C9E4DE /* Sources */,
				701B91342081637600C9E4DE /* Frameworks */,
				701B91352081637600C9E4DE /* Resources */,
			);
			buildRules = (
			);
			dependencies = (
			);
			name = iOSCesar;
			productName = iOSCesar;
			productReference = 701B91372081637600C9E4DE /* iOSCesar.app */;
			productType = "com.apple.product-type.application";
		};
/* End PBXNativeTarget section */

/* Begin PBXProject section */
		701B912F2081637500C9E4DE /* Project object */ = {
			isa = PBXProject;
			attributes = {
				LastSwiftUpdateCheck = 0930;
				LastUpgradeCheck = 0930;
				ORGANIZATIONNAME = "CESAR School";
				TargetAttributes = {
					701B91362081637600C9E4DE = {
						CreatedOnToolsVersion = 9.3;
					};
				};
			};
			buildConfigurationList = 701B91322081637500C9E4DE /* Build configuration list for PBXProject "iOSCesar" */;
			compatibilityVersion = "Xcode 9.3";
			developmentRegion = en;
			hasScannedForEncodings = 0;
			knownRegions = (
				en,
				Base,
			);
			mainGroup = 701B912E2081637500C9E4DE;
			productRefGroup = 701B91382081637600C9E4DE /* Products */;
			projectDirPath = "";
			projectRoot = "";
			targets = (
				701B91362081637600C9E4DE /* iOSCesar */,
			);
		};
/* End PBXProject section */

/* Begin PBXResourcesBuildPhase section */
		701B91352081637600C9E4DE /* Resources */ = {
			isa = PBXResourcesBuildPhase;
			buildActionMask = 2147483647;
			files = (
				701B91452081637700C9E4DE /* LaunchScreen.storyboard in Resources */,
				701B91422081637700C9E4DE /* Assets.xcassets in Resources */,
				701B91402081637600C9E4DE /* Main.storyboard in Resources */,
			);
			runOnlyForDeploymentPostprocessing = 0;
		};
/* End PBXResourcesBuildPhase section */

/* Begin PBXSourcesBuildPhase section */
		701B91332081637600C9E4DE /* Sources */ = {
			isa = PBXSourcesBuildPhase;
			buildActionMask = 2147483647;
			files = (
				701B913D2081637600C9E4DE /* ViewController.swift in Sources */,
				706649DA20821DB00087A96D /* Card.swift in Sources */,
				706649DC208220140087A96D /* MemoryGame.swift in Sources */,
				701B913B2081637600C9E4DE /* AppDelegate.swift in Sources */,
			);
			runOnlyForDeploymentPostprocessing = 0;
		};
/* End PBXSourcesBuildPhase section */

/* Begin PBXVariantGroup section */
		701B913E2081637600C9E4DE /* Main.storyboard */ = {
			isa = PBXVariantGroup;
			children = (
				701B913F2081637600C9E4DE /* Base */,
			);
			name = Main.storyboard;
			sourceTree = "<group>";
		};
		701B91432081637700C9E4DE /* LaunchScreen.storyboard */ = {
			isa = PBXVariantGroup;
			children = (
				701B91442081637700C9E4DE /* Base */,
			);
			name = LaunchScreen.storyboard;
			sourceTree = "<group>";
		};
/* End PBXVariantGroup section */

/* Begin XCBuildConfiguration section */
		701B91472081637700C9E4DE /* Debug */ = {
			isa = XCBuildConfiguration;
			buildSettings = {
				ALWAYS_SEARCH_USER_PATHS = NO;
				CLANG_ANALYZER_NONNULL = YES;
				CLANG_ANALYZER_NUMBER_OBJECT_CONVERSION = YES_AGGRESSIVE;
				CLANG_CXX_LANGUAGE_STANDARD = "gnu++14";
				CLANG_CXX_LIBRARY = "libc++";
				CLANG_ENABLE_MODULES = YES;
				CLANG_ENABLE_OBJC_ARC = YES;
				CLANG_ENABLE_OBJC_WEAK = YES;
				CLANG_WARN_BLOCK_CAPTURE_AUTORELEASING = YES;
				CLANG_WARN_BOOL_CONVERSION = YES;
				CLANG_WARN_COMMA = YES;
				CLANG_WARN_CONSTANT_CONVERSION = YES;
				CLANG_WARN_DEPRECATED_OBJC_IMPLEMENTATIONS = YES;
				CLANG_WARN_DIRECT_OBJC_ISA_USAGE = YES_ERROR;
				CLANG_WARN_DOCUMENTATION_COMMENTS = YES;
				CLANG_WARN_EMPTY_BODY = YES;
				CLANG_WARN_ENUM_CONVERSION = YES;
				CLANG_WARN_INFINITE_RECURSION = YES;
				CLANG_WARN_INT_CONVERSION = YES;
				CLANG_WARN_NON_LITERAL_NULL_CONVERSION = YES;
				CLANG_WARN_OBJC_IMPLICIT_RETAIN_SELF = YES;
				CLANG_WARN_OBJC_LITERAL_CONVERSION = YES;
				CLANG_WARN_OBJC_ROOT_CLASS = YES_ERROR;
				CLANG_WARN_RANGE_LOOP_ANALYSIS = YES;
				CLANG_WARN_STRICT_PROTOTYPES = YES;
				CLANG_WARN_SUSPICIOUS_MOVE = YES;
				CLANG_WARN_UNGUARDED_AVAILABILITY = YES_AGGRESSIVE;
				CLANG_WARN_UNREACHABLE_CODE = YES;
				CLANG_WARN__DUPLICATE_METHOD_MATCH = YES;
				CODE_SIGN_IDENTITY = "iPhone Developer";
				COPY_PHASE_STRIP = NO;
				DEBUG_INFORMATION_FORMAT = dwarf;
				ENABLE_STRICT_OBJC_MSGSEND = YES;
				ENABLE_TESTABILITY = YES;
				GCC_C_LANGUAGE_STANDARD = gnu11;
				GCC_DYNAMIC_NO_PIC = NO;
				GCC_NO_COMMON_BLOCKS = YES;
				GCC_OPTIMIZATION_LEVEL = 0;
				GCC_PREPROCESSOR_DEFINITIONS = (
					"DEBUG=1",
					"$(inherited)",
				);
				GCC_WARN_64_TO_32_BIT_CONVERSION = YES;
				GCC_WARN_ABOUT_RETURN_TYPE = YES_ERROR;
				GCC_WARN_UNDECLARED_SELECTOR = YES;
				GCC_WARN_UNINITIALIZED_AUTOS = YES_AGGRESSIVE;
				GCC_WARN_UNUSED_FUNCTION = YES;
				GCC_WARN_UNUSED_VARIABLE = YES;
				IPHONEOS_DEPLOYMENT_TARGET = 11.3;
				MTL_ENABLE_DEBUG_INFO = YES;
				ONLY_ACTIVE_ARCH = YES;
				SDKROOT = iphoneos;
				SWIFT_ACTIVE_COMPILATION_CONDITIONS = DEBUG;
				SWIFT_OPTIMIZATION_LEVEL = "-Onone";
			};
			name = Debug;
		};
		701B91482081637700C9E4DE /* Release */ = {
			isa = XCBuildConfiguration;
			buildSettings = {
				ALWAYS_SEARCH_USER_PATHS = NO;
				CLANG_ANALYZER_NONNULL = YES;
				CLANG_ANALYZER_NUMBER_OBJECT_CONVERSION = YES_AGGRESSIVE;
				CLANG_CXX_LANGUAGE_STANDARD = "gnu++14";
				CLANG_CXX_LIBRARY = "libc++";
				CLANG_ENABLE_MODULES = YES;
				CLANG_ENABLE_OBJC_ARC = YES;
				CLANG_ENABLE_OBJC_WEAK = YES;
				CLANG_WARN_BLOCK_CAPTURE_AUTORELEASING = YES;
				CLANG_WARN_BOOL_CONVERSION = YES;
				CLANG_WARN_COMMA = YES;
				CLANG_WARN_CONSTANT_CONVERSION = YES;
				CLANG_WARN_DEPRECATED_OBJC_IMPLEMENTATIONS = YES;
				CLANG_WARN_DIRECT_OBJC_ISA_USAGE = YES_ERROR;
				CLANG_WARN_DOCUMENTATION_COMMENTS = YES;
				CLANG_WARN_EMPTY_BODY = YES;
				CLANG_WARN_ENUM_CONVERSION = YES;
				CLANG_WARN_INFINITE_RECURSION = YES;
				CLANG_WARN_INT_CONVERSION = YES;
				CLANG_WARN_NON_LITERAL_NULL_CONVERSION = YES;
				CLANG_WARN_OBJC_IMPLICIT_RETAIN_SELF = YES;
				CLANG_WARN_OBJC_LITERAL_CONVERSION = YES;
				CLANG_WARN_OBJC_ROOT_CLASS = YES_ERROR;
				CLANG_WARN_RANGE_LOOP_ANALYSIS = YES;
				CLANG_WARN_STRICT_PROTOTYPES = YES;
				CLANG_WARN_SUSPICIOUS_MOVE = YES;
				CLANG_WARN_UNGUARDED_AVAILABILITY = YES_AGGRESSIVE;
				CLANG_WARN_UNREACHABLE_CODE = YES;
				CLANG_WARN__DUPLICATE_METHOD_MATCH = YES;
				CODE_SIGN_IDENTITY = "iPhone Developer";
				COPY_PHASE_STRIP = NO;
				DEBUG_INFORMATION_FORMAT = "dwarf-with-dsym";
				ENABLE_NS_ASSERTIONS = NO;
				ENABLE_STRICT_OBJC_MSGSEND = YES;
				GCC_C_LANGUAGE_STANDARD = gnu11;
				GCC_NO_COMMON_BLOCKS = YES;
				GCC_WARN_64_TO_32_BIT_CONVERSION = YES;
				GCC_WARN_ABOUT_RETURN_TYPE = YES_ERROR;
				GCC_WARN_UNDECLARED_SELECTOR = YES;
				GCC_WARN_UNINITIALIZED_AUTOS = YES_AGGRESSIVE;
				GCC_WARN_UNUSED_FUNCTION = YES;
				GCC_WARN_UNUSED_VARIABLE = YES;
				IPHONEOS_DEPLOYMENT_TARGET = 11.3;
				MTL_ENABLE_DEBUG_INFO = NO;
				SDKROOT = iphoneos;
				SWIFT_COMPILATION_MODE = wholemodule;
				SWIFT_OPTIMIZATION_LEVEL = "-O";
				VALIDATE_PRODUCT = YES;
			};
			name = Release;
		};
		701B914A2081637700C9E4DE /* Debug */ = {
			isa = XCBuildConfiguration;
			buildSettings = {
				ASSETCATALOG_COMPILER_APPICON_NAME = AppIcon;
				CODE_SIGN_STYLE = Automatic;
				INFOPLIST_FILE = iOSCesar/Info.plist;
				LD_RUNPATH_SEARCH_PATHS = (
					"$(inherited)",
					"@executable_path/Frameworks",
				);
				PRODUCT_BUNDLE_IDENTIFIER = br.org.cesar.iOSCesar;
				PRODUCT_NAME = "$(TARGET_NAME)";
				SWIFT_VERSION = 4.0;
				TARGETED_DEVICE_FAMILY = "1,2";
			};
			name = Debug;
		};
		701B914B2081637700C9E4DE /* Release */ = {
			isa = XCBuildConfiguration;
			buildSettings = {
				ASSETCATALOG_COMPILER_APPICON_NAME = AppIcon;
				CODE_SIGN_STYLE = Automatic;
				INFOPLIST_FILE = iOSCesar/Info.plist;
				LD_RUNPATH_SEARCH_PATHS = (
					"$(inherited)",
					"@executable_path/Frameworks",
				);
				PRODUCT_BUNDLE_IDENTIFIER = br.org.cesar.iOSCesar;
				PRODUCT_NAME = "$(TARGET_NAME)";
				SWIFT_VERSION = 4.0;
				TARGETED_DEVICE_FAMILY = "1,2";
			};
			name = Release;
		};
/* End XCBuildConfiguration section */

/* Begin XCConfigurationList section */
		701B91322081637500C9E4DE /* Build configuration list for PBXProject "iOSCesar" */ = {
			isa = XCConfigurationList;
			buildConfigurations = (
				701B91472081637700C9E4DE /* Debug */,
				701B91482081637700C9E4DE /* Release */,
			);
			defaultConfigurationIsVisible = 0;
			defaultConfigurationName = Release;
		};
		701B91492081637700C9E4DE /* Build configuration list for PBXNativeTarget "iOSCesar" */ = {
			isa = XCConfigurationList;
			buildConfigurations = (
				701B914A2081637700C9E4DE /* Debug */,
				701B914B2081637700C9E4DE /* Release */,
			);
			defaultConfigurationIsVisible = 0;
			defaultConfigurationName = Release;
		};
/* End XCConfigurationList section */
	};
	rootObject = 701B912F2081637500C9E4DE /* Project object */;
}
